
Microsoft Visual Studio Solution File, Format Version 12.00
# Visual Studio Version 16
VisualStudioVersion = 16.0.28922.388
MinimumVisualStudioVersion = 10.0.40219.1
Project("{FAE04EC0-301F-11D3-BF4B-00C04F79EFBC}") = "DataJuggler.Net", "DataJuggler.Net.csproj", "{AF3F5EC6-8494-4CA2-AAC0-B1FA4F752EF5}"
EndProject
Global
	GlobalSection(SolutionConfigurationPlatforms) = preSolution
		Debug|Any CPU = Debug|Any CPU
		Release|Any CPU = Release|Any CPU
	EndGlobalSection
	GlobalSection(ProjectConfigurationPlatforms) = postSolution
		{AF3F5EC6-8494-4CA2-AAC0-B1FA4F752EF5}.Debug|Any CPU.ActiveCfg = Release|Any CPU
		{AF3F5EC6-8494-4CA2-AAC0-B1FA4F752EF5}.Debug|Any CPU.Build.0 = Release|Any CPU
		{AF3F5EC6-8494-4CA2-AAC0-B1FA4F752EF5}.Release|Any CPU.ActiveCfg = Release|Any CPU
		{AF3F5EC6-8494-4CA2-AAC0-B1FA4F752EF5}.Release|Any CPU.Build.0 = Release|Any CPU
	EndGlobalSection
	GlobalSection(SolutionProperties) = preSolution
		HideSolutionNode = FALSE
	EndGlobalSection
	GlobalSection(ExtensibilityGlobals) = postSolution
		SolutionGuid = {0ECD2999-AFC1-4D98-9626-6645DB484F57}
	EndGlobalSection
EndGlobal
